// !$*UTF8*$!
{
	archiveVersion = 1;
	classes = {
	};
	objectVersion = 46;
	objects = {

/* Begin PBXBuildFile section */
		41D411A01D22282300CD6859 /* AppDelegate.swift in Sources */ = {isa = PBXBuildFile; fileRef = 41D4119F1D22282300CD6859 /* AppDelegate.swift */; };
		41D411A21D22282300CD6859 /* ViewController.swift in Sources */ = {isa = PBXBuildFile; fileRef = 41D411A11D22282300CD6859 /* ViewController.swift */; };
		41D411A51D22282300CD6859 /* Main.storyboard in Resources */ = {isa = PBXBuildFile; fileRef = 41D411A31D22282300CD6859 /* Main.storyboard */; };
		41D411A81D22282300CD6859 /* PoolPriceChecker.xcdatamodeld in Sources */ = {isa = PBXBuildFile; fileRef = 41D411A61D22282300CD6859 /* PoolPriceChecker.xcdatamodeld */; };
		41D411AA1D22282300CD6859 /* Assets.xcassets in Resources */ = {isa = PBXBuildFile; fileRef = 41D411A91D22282300CD6859 /* Assets.xcassets */; };
		41D411AD1D22282300CD6859 /* LaunchScreen.storyboard in Resources */ = {isa = PBXBuildFile; fileRef = 41D411AB1D22282300CD6859 /* LaunchScreen.storyboard */; };
/* End PBXBuildFile section */

/* Begin PBXFileReference section */
		41D4119C1D22282300CD6859 /* PoolPriceChecker.app */ = {isa = PBXFileReference; explicitFileType = wrapper.application; includeInIndex = 0; path = PoolPriceChecker.app; sourceTree = BUILT_PRODUCTS_DIR; };
		41D4119F1D22282300CD6859 /* AppDelegate.swift */ = {isa = PBXFileReference; lastKnownFileType = sourcecode.swift; path = AppDelegate.swift; sourceTree = "<group>"; };
		41D411A11D22282300CD6859 /* ViewController.swift */ = {isa = PBXFileReference; lastKnownFileType = sourcecode.swift; path = ViewController.swift; sourceTree = "<group>"; };
		41D411A41D22282300CD6859 /* Base */ = {isa = PBXFileReference; lastKnownFileType = file.storyboard; name = Base; path = Base.lproj/Main.storyboard; sourceTree = "<group>"; };
		41D411A71D22282300CD6859 /* PoolPriceChecker.xcdatamodel */ = {isa = PBXFileReference; lastKnownFileType = wrapper.xcdatamodel; path = PoolPriceChecker.xcdatamodel; sourceTree = "<group>"; };
		41D411A91D22282300CD6859 /* Assets.xcassets */ = {isa = PBXFileReference; lastKnownFileType = folder.assetcatalog; path = Assets.xcassets; sourceTree = "<group>"; };
		41D411AC1D22282300CD6859 /* Base */ = {isa = PBXFileReference; lastKnownFileType = file.storyboard; name = Base; path = Base.lproj/LaunchScreen.storyboard; sourceTree = "<group>"; };
		41D411AE1D22282300CD6859 /* Info.plist */ = {isa = PBXFileReference; lastKnownFileType = text.plist.xml; path = Info.plist; sourceTree = "<group>"; };
/* End PBXFileReference section */

/* Begin PBXFrameworksBuildPhase section */
		41D411991D22282300CD6859 /* Frameworks */ = {
			isa = PBXFrameworksBuildPhase;
			buildActionMask = 2147483647;
			files = (
			);
			runOnlyForDeploymentPostprocessing = 0;
		};
/* End PBXFrameworksBuildPhase section */

/* Begin PBXGroup section */
		41D411931D22282300CD6859 = {
			isa = PBXGroup;
			children = (
				41D4119E1D22282300CD6859 /* PoolPriceChecker */,
				41D4119D1D22282300CD6859 /* Products */,
			);
			sourceTree = "<group>";
		};
		41D4119D1D22282300CD6859 /* Products */ = {
			isa = PBXGroup;
			children = (
				41D4119C1D22282300CD6859 /* PoolPriceChecker.app */,
			);
			name = Products;
			sourceTree = "<group>";
		};
		41D4119E1D22282300CD6859 /* PoolPriceChecker */ = {
			isa = PBXGroup;
			children = (
				41D4119F1D22282300CD6859 /* AppDelegate.swift */,
				41D411A11D22282300CD6859 /* ViewController.swift */,
				41D411A31D22282300CD6859 /* Main.storyboard */,
				41D411A91D22282300CD6859 /* Assets.xcassets */,
				41D411AB1D22282300CD6859 /* LaunchScreen.storyboard */,
				41D411AE1D22282300CD6859 /* Info.plist */,
				41D411A61D22282300CD6859 /* PoolPriceChecker.xcdatamodeld */,
			);
			path = PoolPriceChecker;
			sourceTree = "<group>";
		};
/* End PBXGroup section */

/* Begin PBXNativeTarget section */
		41D4119B1D22282300CD6859 /* PoolPriceChecker */ = {
			isa = PBXNativeTarget;
			buildConfigurationList = 41D411B11D22282300CD6859 /* Build configuration list for PBXNativeTarget "PoolPriceChecker" */;
			buildPhases = (
				41D411981D22282300CD6859 /* Sources */,
				41D411991D22282300CD6859 /* Frameworks */,
				41D4119A1D22282300CD6859 /* Resources */,
			);
			buildRules = (
			);
			dependencies = (
			);
			name = PoolPriceChecker;
			productName = PoolPriceChecker;
			productReference = 41D4119C1D22282300CD6859 /* PoolPriceChecker.app */;
			productType = "com.apple.product-type.application";
		};
/* End PBXNativeTarget section */

/* Begin PBXProject section */
		41D411941D22282300CD6859 /* Project object */ = {
			isa = PBXProject;
			attributes = {
				LastSwiftUpdateCheck = 0730;
				LastUpgradeCheck = 0730;
				ORGANIZATIONNAME = SimpleEconomics;
				TargetAttributes = {
					41D4119B1D22282300CD6859 = {
						CreatedOnToolsVersion = 7.3.1;
						DevelopmentTeam = 798AZH6TJR;
					};
				};
			};
			buildConfigurationList = 41D411971D22282300CD6859 /* Build configuration list for PBXProject "PoolPriceChecker" */;
			compatibilityVersion = "Xcode 3.2";
			developmentRegion = English;
			hasScannedForEncodings = 0;
			knownRegions = (
				en,
				Base,
			);
			mainGroup = 41D411931D22282300CD6859;
			productRefGroup = 41D4119D1D22282300CD6859 /* Products */;
			projectDirPath = "";
			projectRoot = "";
			targets = (
				41D4119B1D22282300CD6859 /* PoolPriceChecker */,
			);
		};
/* End PBXProject section */

/* Begin PBXResourcesBuildPhase section */
		41D4119A1D22282300CD6859 /* Resources */ = {
			isa = PBXResourcesBuildPhase;
			buildActionMask = 2147483647;
			files = (
				41D411AD1D22282300CD6859 /* LaunchScreen.storyboard in Resources */,
				41D411AA1D22282300CD6859 /* Assets.xcassets in Resources */,
				41D411A51D22282300CD6859 /* Main.storyboard in Resources */,
			);
			runOnlyForDeploymentPostprocessing = 0;
		};
/* End PBXResourcesBuildPhase section */

/* Begin PBXSourcesBuildPhase section */
		41D411981D22282300CD6859 /* Sources */ = {
			isa = PBXSourcesBuildPhase;
			buildActionMask = 2147483647;
			files = (
				41D411A21D22282300CD6859 /* ViewController.swift in Sources */,
				41D411A01D22282300CD6859 /* AppDelegate.swift in Sources */,
				41D411A81D22282300CD6859 /* PoolPriceChecker.xcdatamodeld in Sources */,
			);
			runOnlyForDeploymentPostprocessing = 0;
		};
/* End PBXSourcesBuildPhase section */

/* Begin PBXVariantGroup section */
		41D411A31D22282300CD6859 /* Main.storyboard */ = {
			isa = PBXVariantGroup;
			children = (
				41D411A41D22282300CD6859 /* Base */,
			);
			name = Main.storyboard;
			sourceTree = "<group>";
		};
		41D411AB1D22282300CD6859 /* LaunchScreen.storyboard */ = {
			isa = PBXVariantGroup;
			children = (
				41D411AC1D22282300CD6859 /* Base */,
			);
			name = LaunchScreen.storyboard;
			sourceTree = "<group>";
		};
/* End PBXVariantGroup section */

/* Begin XCBuildConfiguration section */
		41D411AF1D22282300CD6859 /* Debug */ = {
			isa = XCBuildConfiguration;
			buildSettings = {
				ALWAYS_SEARCH_USER_PATHS = NO;
				CLANG_ANALYZER_NONNULL = YES;
				CLANG_CXX_LANGUAGE_STANDARD = "gnu++0x";
				CLANG_CXX_LIBRARY = "libc++";
				CLANG_ENABLE_MODULES = YES;
				CLANG_ENABLE_OBJC_ARC = YES;
				CLANG_WARN_BOOL_CONVERSION = YES;
				CLANG_WARN_CONSTANT_CONVERSION = YES;
				CLANG_WARN_DIRECT_OBJC_ISA_USAGE = YES_ERROR;
				CLANG_WARN_EMPTY_BODY = YES;
				CLANG_WARN_ENUM_CONVERSION = YES;
				CLANG_WARN_INT_CONVERSION = YES;
				CLANG_WARN_OBJC_ROOT_CLASS = YES_ERROR;
				CLANG_WARN_UNREACHABLE_CODE = YES;
				CLANG_WARN__DUPLICATE_METHOD_MATCH = YES;
				"CODE_SIGN_IDENTITY[sdk=iphoneos*]" = "iPhone Developer";
				COPY_PHASE_STRIP = NO;
				DEBUG_INFORMATION_FORMAT = dwarf;
				ENABLE_STRICT_OBJC_MSGSEND = YES;
				ENABLE_TESTABILITY = YES;
				GCC_C_LANGUAGE_STANDARD = gnu99;
				GCC_DYNAMIC_NO_PIC = NO;
				GCC_NO_COMMON_BLOCKS = YES;
				GCC_OPTIMIZATION_LEVEL = 0;
				GCC_PREPROCESSOR_DEFINITIONS = (
					"DEBUG=1",
					"$(inherited)",
				);
				GCC_WARN_64_TO_32_BIT_CONVERSION = YES;
				GCC_WARN_ABOUT_RETURN_TYPE = YES_ERROR;
				GCC_WARN_UNDECLARED_SELECTOR = YES;
				GCC_WARN_UNINITIALIZED_AUTOS = YES_AGGRESSIVE;
				GCC_WARN_UNUSED_FUNCTION = YES;
				GCC_WARN_UNUSED_VARIABLE = YES;
				IPHONEOS_DEPLOYMENT_TARGET = 9.3;
				MTL_ENABLE_DEBUG_INFO = YES;
				ONLY_ACTIVE_ARCH = YES;
				SDKROOT = iphoneos;
				SWIFT_OPTIMIZATION_LEVEL = "-Onone";
				TARGETED_DEVICE_FAMILY = "1,2";
			};
			name = Debug;
		};
		41D411B01D22282300CD6859 /* Release */ = {
			isa = XCBuildConfiguration;
			buildSettings = {
				ALWAYS_SEARCH_USER_PATHS = NO;
				CLANG_ANALYZER_NONNULL = YES;
				CLANG_CXX_LANGUAGE_STANDARD = "gnu++0x";
				CLANG_CXX_LIBRARY = "libc++";
				CLANG_ENABLE_MODULES = YES;
				CLANG_ENABLE_OBJC_ARC = YES;
				CLANG_WARN_BOOL_CONVERSION = YES;
				CLANG_WARN_CONSTANT_CONVERSION = YES;
				CLANG_WARN_DIRECT_OBJC_ISA_USAGE = YES_ERROR;
				CLANG_WARN_EMPTY_BODY = YES;
				CLANG_WARN_ENUM_CONVERSION = YES;
				CLANG_WARN_INT_CONVERSION = YES;
				CLANG_WARN_OBJC_ROOT_CLASS = YES_ERROR;
				CLANG_WARN_UNREACHABLE_CODE = YES;
				CLANG_WARN__DUPLICATE_METHOD_MATCH = YES;
				"CODE_SIGN_IDENTITY[sdk=iphoneos*]" = "iPhone Developer";
				COPY_PHASE_STRIP = NO;
				DEBUG_INFORMATION_FORMAT = "dwarf-with-dsym";
				ENABLE_NS_ASSERTIONS = NO;
				ENABLE_STRICT_OBJC_MSGSEND = YES;
				GCC_C_LANGUAGE_STANDARD = gnu99;
				GCC_NO_COMMON_BLOCKS = YES;
				GCC_WARN_64_TO_32_BIT_CONVERSION = YES;
				GCC_WARN_ABOUT_RETURN_TYPE = YES_ERROR;
				GCC_WARN_UNDECLARED_SELECTOR = YES;
				GCC_WARN_UNINITIALIZED_AUTOS = YES_AGGRESSIVE;
				GCC_WARN_UNUSED_FUNCTION = YES;
				GCC_WARN_UNUSED_VARIABLE = YES;
				IPHONEOS_DEPLOYMENT_TARGET = 9.3;
				MTL_ENABLE_DEBUG_INFO = NO;
				SDKROOT = iphoneos;
				TARGETED_DEVICE_FAMILY = "1,2";
				VALIDATE_PRODUCT = YES;
			};
			name = Release;
		};
		41D411B21D22282300CD6859 /* Debug */ = {
			isa = XCBuildConfiguration;
			buildSettings = {
				ASSETCATALOG_COMPILER_APPICON_NAME = AppIcon;
				INFOPLIST_FILE = PoolPriceChecker/Info.plist;
				LD_RUNPATH_SEARCH_PATHS = "$(inherited) @executable_path/Frameworks";
				PRODUCT_BUNDLE_IDENTIFIER = SimpleButHelpful.PoolPriceChecker;
				PRODUCT_NAME = "$(TARGET_NAME)";
			};
			name = Debug;
		};
		41D411B31D22282300CD6859 /* Release */ = {
			isa = XCBuildConfiguration;
			buildSettings = {
				ASSETCATALOG_COMPILER_APPICON_NAME = AppIcon;
				INFOPLIST_FILE = PoolPriceChecker/Info.plist;
				LD_RUNPATH_SEARCH_PATHS = "$(inherited) @executable_path/Frameworks";
				PRODUCT_BUNDLE_IDENTIFIER = SimpleButHelpful.PoolPriceChecker;
				PRODUCT_NAME = "$(TARGET_NAME)";
			};
			name = Release;
		};
/* End XCBuildConfiguration section */

/* Begin XCConfigurationList section */
		41D411971D22282300CD6859 /* Build configuration list for PBXProject "PoolPriceChecker" */ = {
			isa = XCConfigurationList;
			buildConfigurations = (
				41D411AF1D22282300CD6859 /* Debug */,
				41D411B01D22282300CD6859 /* Release */,
			);
			defaultConfigurationIsVisible = 0;
			defaultConfigurationName = Release;
		};
		41D411B11D22282300CD6859 /* Build configuration list for PBXNativeTarget "PoolPriceChecker" */ = {
			isa = XCConfigurationList;
			buildConfigurations = (
				41D411B21D22282300CD6859 /* Debug */,
				41D411B31D22282300CD6859 /* Release */,
			);
			defaultConfigurationIsVisible = 0;
		};
/* End XCConfigurationList section */

/* Begin XCVersionGroup section */
		41D411A61D22282300CD6859 /* PoolPriceChecker.xcdatamodeld */ = {
			isa = XCVersionGroup;
			children = (
				41D411A71D22282300CD6859 /* PoolPriceChecker.xcdatamodel */,
			);
			currentVersion = 41D411A71D22282300CD6859 /* PoolPriceChecker.xcdatamodel */;
			path = PoolPriceChecker.xcdatamodeld;
			sourceTree = "<group>";
			versionGroupType = wrapper.xcdatamodel;
		};
/* End XCVersionGroup section */
	};
	rootObject = 41D411941D22282300CD6859 /* Project object */;
}
